
Microsoft Visual Studio Solution File, Format Version 12.00
# Visual Studio Version 16
VisualStudioVersion = 16.0.30413.136
MinimumVisualStudioVersion = 10.0.40219.1
Project("{2150E333-8FDC-42A3-9474-1A3956D46DE8}") = "Services", "Services", "{9AC375A6-A557-43B6-AE03-C5C649450B4F}"
EndProject
Project("{2150E333-8FDC-42A3-9474-1A3956D46DE8}") = "Cadastros", "Cadastros", "{D2B13269-B75B-4A3D-B83C-9799BE55D73E}"
EndProject
Project("{2150E333-8FDC-42A3-9474-1A3956D46DE8}") = "Catalogo", "Catalogo", "{9EAC79AF-732A-4965-863C-7888143153F9}"
EndProject
Project("{2150E333-8FDC-42A3-9474-1A3956D46DE8}") = "Core", "Core", "{26CCE79E-E151-4594-86A1-277A7ADE2D79}"
EndProject
Project("{2150E333-8FDC-42A3-9474-1A3956D46DE8}") = "Fiscal", "Fiscal", "{BFD9E3CA-B118-4A94-94E8-35E6746BBBC8}"
EndProject
Project("{2150E333-8FDC-42A3-9474-1A3956D46DE8}") = "Pagamentos", "Pagamentos", "{89F739CB-C594-4710-B3A8-D76D110E70B4}"
EndProject
Project("{2150E333-8FDC-42A3-9474-1A3956D46DE8}") = "Vendas", "Vendas", "{CB82D772-FA36-4C36-B851-97C3C1C81935}"
EndProject
Project("{2150E333-8FDC-42A3-9474-1A3956D46DE8}") = "WebApps", "WebApps", "{CDD4F414-9827-4EA2-81DA-BA80AB4B375E}"
EndProject
Project("{9A19103F-16F7-4668-BE54-9A1E7A4F7556}") = "NerdStore.Catalogo.Domain", "src\NerdStore.Catalogo.Domain\NerdStore.Catalogo.Domain.csproj", "{B5E83995-510C-45E7-A833-8AFBEB22FE20}"
EndProject
Project("{9A19103F-16F7-4668-BE54-9A1E7A4F7556}") = "NerdStore.Core", "src\NerdStore.Core\NerdStore.Core.csproj", "{3934EC2A-F472-4B75-A90E-215BBF128D09}"
EndProject
Project("{2150E333-8FDC-42A3-9474-1A3956D46DE8}") = "Tests", "Tests", "{DDB00984-A396-4455-96E7-4BE4E7A6E83F}"
EndProject
Project("{9A19103F-16F7-4668-BE54-9A1E7A4F7556}") = "NerdStore.Catalogo.Domain.Tests", "tests\NerdStore.Catalogo.Domain.Tests\NerdStore.Catalogo.Domain.Tests.csproj", "{B000DF29-4C68-43EC-A595-52D866D56801}"
EndProject
Project("{9A19103F-16F7-4668-BE54-9A1E7A4F7556}") = "NerdStore.Catalogo.Data", "src\NerdStore.Catalogo.Data\NerdStore.Catalogo.Data.csproj", "{109AA22F-669A-4013-B406-011EFF976E74}"
EndProject
Project("{9A19103F-16F7-4668-BE54-9A1E7A4F7556}") = "NerdStore.Catalogo.Application", "src\NerdStore.Catalogo.Application\NerdStore.Catalogo.Application.csproj", "{3FFC4DF7-7B7E-4598-95BE-455762B4979D}"
EndProject
Project("{9A19103F-16F7-4668-BE54-9A1E7A4F7556}") = "NerdStore.WebApp.MVC", "src\NerdStore.WebApp.MVC\NerdStore.WebApp.MVC.csproj", "{9EF40064-D3D7-4228-A145-54B08A147FB7}"
EndProject
Project("{FAE04EC0-301F-11D3-BF4B-00C04F79EFBC}") = "NerdStore.Vendas.Domain", "src\NerdStore.Vendas.Domain\NerdStore.Vendas.Domain.csproj", "{1D48EB61-2B74-4AC4-B552-C66FB1F49400}"
EndProject
Project("{FAE04EC0-301F-11D3-BF4B-00C04F79EFBC}") = "NerdStore.Vendas.Application", "src\NerdStore.Vendas.Application\NerdStore.Vendas.Application.csproj", "{75827D27-B721-443D-9980-7D4C827FB4CC}"
EndProject
Project("{FAE04EC0-301F-11D3-BF4B-00C04F79EFBC}") = "NerdStore.Vendas.Data", "src\NerdStore.Vendas.Data\NerdStore.Vendas.Data.csproj", "{6BF74C0B-58D4-42C6-B865-97C0A2A773A6}"
EndProject
Global
	GlobalSection(SolutionConfigurationPlatforms) = preSolution
		Debug|Any CPU = Debug|Any CPU
		Release|Any CPU = Release|Any CPU
	EndGlobalSection
	GlobalSection(ProjectConfigurationPlatforms) = postSolution
		{B5E83995-510C-45E7-A833-8AFBEB22FE20}.Debug|Any CPU.ActiveCfg = Debug|Any CPU
		{B5E83995-510C-45E7-A833-8AFBEB22FE20}.Debug|Any CPU.Build.0 = Debug|Any CPU
		{B5E83995-510C-45E7-A833-8AFBEB22FE20}.Release|Any CPU.ActiveCfg = Release|Any CPU
		{B5E83995-510C-45E7-A833-8AFBEB22FE20}.Release|Any CPU.Build.0 = Release|Any CPU
		{3934EC2A-F472-4B75-A90E-215BBF128D09}.Debug|Any CPU.ActiveCfg = Debug|Any CPU
		{3934EC2A-F472-4B75-A90E-215BBF128D09}.Debug|Any CPU.Build.0 = Debug|Any CPU
		{3934EC2A-F472-4B75-A90E-215BBF128D09}.Release|Any CPU.ActiveCfg = Release|Any CPU
		{3934EC2A-F472-4B75-A90E-215BBF128D09}.Release|Any CPU.Build.0 = Release|Any CPU
		{B000DF29-4C68-43EC-A595-52D866D56801}.Debug|Any CPU.ActiveCfg = Debug|Any CPU
		{B000DF29-4C68-43EC-A595-52D866D56801}.Debug|Any CPU.Build.0 = Debug|Any CPU
		{B000DF29-4C68-43EC-A595-52D866D56801}.Release|Any CPU.ActiveCfg = Release|Any CPU
		{B000DF29-4C68-43EC-A595-52D866D56801}.Release|Any CPU.Build.0 = Release|Any CPU
		{109AA22F-669A-4013-B406-011EFF976E74}.Debug|Any CPU.ActiveCfg = Debug|Any CPU
		{109AA22F-669A-4013-B406-011EFF976E74}.Debug|Any CPU.Build.0 = Debug|Any CPU
		{109AA22F-669A-4013-B406-011EFF976E74}.Release|Any CPU.ActiveCfg = Release|Any CPU
		{109AA22F-669A-4013-B406-011EFF976E74}.Release|Any CPU.Build.0 = Release|Any CPU
		{3FFC4DF7-7B7E-4598-95BE-455762B4979D}.Debug|Any CPU.ActiveCfg = Debug|Any CPU
		{3FFC4DF7-7B7E-4598-95BE-455762B4979D}.Debug|Any CPU.Build.0 = Debug|Any CPU
		{3FFC4DF7-7B7E-4598-95BE-455762B4979D}.Release|Any CPU.ActiveCfg = Release|Any CPU
		{3FFC4DF7-7B7E-4598-95BE-455762B4979D}.Release|Any CPU.Build.0 = Release|Any CPU
		{9EF40064-D3D7-4228-A145-54B08A147FB7}.Debug|Any CPU.ActiveCfg = Debug|Any CPU
		{9EF40064-D3D7-4228-A145-54B08A147FB7}.Debug|Any CPU.Build.0 = Debug|Any CPU
		{9EF40064-D3D7-4228-A145-54B08A147FB7}.Release|Any CPU.ActiveCfg = Release|Any CPU
		{9EF40064-D3D7-4228-A145-54B08A147FB7}.Release|Any CPU.Build.0 = Release|Any CPU
		{1D48EB61-2B74-4AC4-B552-C66FB1F49400}.Debug|Any CPU.ActiveCfg = Debug|Any CPU
		{1D48EB61-2B74-4AC4-B552-C66FB1F49400}.Debug|Any CPU.Build.0 = Debug|Any CPU
		{1D48EB61-2B74-4AC4-B552-C66FB1F49400}.Release|Any CPU.ActiveCfg = Release|Any CPU
		{1D48EB61-2B74-4AC4-B552-C66FB1F49400}.Release|Any CPU.Build.0 = Release|Any CPU
		{75827D27-B721-443D-9980-7D4C827FB4CC}.Debug|Any CPU.ActiveCfg = Debug|Any CPU
		{75827D27-B721-443D-9980-7D4C827FB4CC}.Debug|Any CPU.Build.0 = Debug|Any CPU
		{75827D27-B721-443D-9980-7D4C827FB4CC}.Release|Any CPU.ActiveCfg = Release|Any CPU
		{75827D27-B721-443D-9980-7D4C827FB4CC}.Release|Any CPU.Build.0 = Release|Any CPU
		{6BF74C0B-58D4-42C6-B865-97C0A2A773A6}.Debug|Any CPU.ActiveCfg = Debug|Any CPU
		{6BF74C0B-58D4-42C6-B865-97C0A2A773A6}.Debug|Any CPU.Build.0 = Debug|Any CPU
		{6BF74C0B-58D4-42C6-B865-97C0A2A773A6}.Release|Any CPU.ActiveCfg = Release|Any CPU
		{6BF74C0B-58D4-42C6-B865-97C0A2A773A6}.Release|Any CPU.Build.0 = Release|Any CPU
	EndGlobalSection
	GlobalSection(SolutionProperties) = preSolution
		HideSolutionNode = FALSE
	EndGlobalSection
	GlobalSection(NestedProjects) = preSolution
		{D2B13269-B75B-4A3D-B83C-9799BE55D73E} = {9AC375A6-A557-43B6-AE03-C5C649450B4F}
		{9EAC79AF-732A-4965-863C-7888143153F9} = {9AC375A6-A557-43B6-AE03-C5C649450B4F}
		{26CCE79E-E151-4594-86A1-277A7ADE2D79} = {9AC375A6-A557-43B6-AE03-C5C649450B4F}
		{BFD9E3CA-B118-4A94-94E8-35E6746BBBC8} = {9AC375A6-A557-43B6-AE03-C5C649450B4F}
		{89F739CB-C594-4710-B3A8-D76D110E70B4} = {9AC375A6-A557-43B6-AE03-C5C649450B4F}
		{CB82D772-FA36-4C36-B851-97C3C1C81935} = {9AC375A6-A557-43B6-AE03-C5C649450B4F}
		{B5E83995-510C-45E7-A833-8AFBEB22FE20} = {9EAC79AF-732A-4965-863C-7888143153F9}
		{3934EC2A-F472-4B75-A90E-215BBF128D09} = {26CCE79E-E151-4594-86A1-277A7ADE2D79}
		{DDB00984-A396-4455-96E7-4BE4E7A6E83F} = {9EAC79AF-732A-4965-863C-7888143153F9}
		{B000DF29-4C68-43EC-A595-52D866D56801} = {DDB00984-A396-4455-96E7-4BE4E7A6E83F}
		{109AA22F-669A-4013-B406-011EFF976E74} = {9EAC79AF-732A-4965-863C-7888143153F9}
		{3FFC4DF7-7B7E-4598-95BE-455762B4979D} = {9EAC79AF-732A-4965-863C-7888143153F9}
		{9EF40064-D3D7-4228-A145-54B08A147FB7} = {CDD4F414-9827-4EA2-81DA-BA80AB4B375E}
		{1D48EB61-2B74-4AC4-B552-C66FB1F49400} = {CB82D772-FA36-4C36-B851-97C3C1C81935}
		{75827D27-B721-443D-9980-7D4C827FB4CC} = {CB82D772-FA36-4C36-B851-97C3C1C81935}
		{6BF74C0B-58D4-42C6-B865-97C0A2A773A6} = {CB82D772-FA36-4C36-B851-97C3C1C81935}
	EndGlobalSection
	GlobalSection(ExtensibilityGlobals) = postSolution
		SolutionGuid = {D51FA7C0-143B-46BD-AF33-0D1583F16761}
	EndGlobalSection
EndGlobal
